// !$*UTF8*$!
{
	archiveVersion = 1;
	classes = {
	};
	objectVersion = 50;
	objects = {

/* Begin PBXBuildFile section */
		3EF6D0A4D4E1D04DCF69A5DE /* Pods_rib_test_rib_testUITests.framework in Frameworks */ = {isa = PBXBuildFile; fileRef = 852089AE422D3519374B0D05 /* Pods_rib_test_rib_testUITests.framework */; };
		9E8E41808CD8C8781C9D1CD9 /* Pods_rib_testTests.framework in Frameworks */ = {isa = PBXBuildFile; fileRef = 1401F25C2A679709070646BD /* Pods_rib_testTests.framework */; };
		B1DD0E9C259AFDFE009A7476 /* AppDelegate.swift in Sources */ = {isa = PBXBuildFile; fileRef = B1DD0E9B259AFDFE009A7476 /* AppDelegate.swift */; };
		B1DD0E9E259AFDFE009A7476 /* SceneDelegate.swift in Sources */ = {isa = PBXBuildFile; fileRef = B1DD0E9D259AFDFE009A7476 /* SceneDelegate.swift */; };
		B1DD0EA0259AFDFE009A7476 /* ViewController.swift in Sources */ = {isa = PBXBuildFile; fileRef = B1DD0E9F259AFDFE009A7476 /* ViewController.swift */; };
		B1DD0EA3259AFDFE009A7476 /* Main.storyboard in Resources */ = {isa = PBXBuildFile; fileRef = B1DD0EA1259AFDFE009A7476 /* Main.storyboard */; };
		B1DD0EA5259AFDFE009A7476 /* Assets.xcassets in Resources */ = {isa = PBXBuildFile; fileRef = B1DD0EA4259AFDFE009A7476 /* Assets.xcassets */; };
		B1DD0EA8259AFDFE009A7476 /* LaunchScreen.storyboard in Resources */ = {isa = PBXBuildFile; fileRef = B1DD0EA6259AFDFE009A7476 /* LaunchScreen.storyboard */; };
		B1DD0EB3259AFDFF009A7476 /* rib_testTests.swift in Sources */ = {isa = PBXBuildFile; fileRef = B1DD0EB2259AFDFF009A7476 /* rib_testTests.swift */; };
		B1DD0EBE259AFDFF009A7476 /* rib_testUITests.swift in Sources */ = {isa = PBXBuildFile; fileRef = B1DD0EBD259AFDFF009A7476 /* rib_testUITests.swift */; };
		E07D34441E9164FC23B7F109 /* Pods_rib_test.framework in Frameworks */ = {isa = PBXBuildFile; fileRef = 3EFBFFDEFD3C1E158CD19B41 /* Pods_rib_test.framework */; };
/* End PBXBuildFile section */

/* Begin PBXContainerItemProxy section */
		B1DD0EAF259AFDFF009A7476 /* PBXContainerItemProxy */ = {
			isa = PBXContainerItemProxy;
			containerPortal = B1DD0E90259AFDFE009A7476 /* Project object */;
			proxyType = 1;
			remoteGlobalIDString = B1DD0E97259AFDFE009A7476;
			remoteInfo = "rib-test";
		};
		B1DD0EBA259AFDFF009A7476 /* PBXContainerItemProxy */ = {
			isa = PBXContainerItemProxy;
			containerPortal = B1DD0E90259AFDFE009A7476 /* Project object */;
			proxyType = 1;
			remoteGlobalIDString = B1DD0E97259AFDFE009A7476;
			remoteInfo = "rib-test";
		};
/* End PBXContainerItemProxy section */

/* Begin PBXFileReference section */
		06DC721B311B03DCC1307E41 /* Pods-rib-testTests.release.xcconfig */ = {isa = PBXFileReference; includeInIndex = 1; lastKnownFileType = text.xcconfig; name = "Pods-rib-testTests.release.xcconfig"; path = "Target Support Files/Pods-rib-testTests/Pods-rib-testTests.release.xcconfig"; sourceTree = "<group>"; };
		1401F25C2A679709070646BD /* Pods_rib_testTests.framework */ = {isa = PBXFileReference; explicitFileType = wrapper.framework; includeInIndex = 0; path = Pods_rib_testTests.framework; sourceTree = BUILT_PRODUCTS_DIR; };
		3EFBFFDEFD3C1E158CD19B41 /* Pods_rib_test.framework */ = {isa = PBXFileReference; explicitFileType = wrapper.framework; includeInIndex = 0; path = Pods_rib_test.framework; sourceTree = BUILT_PRODUCTS_DIR; };
		6357F1D8E2484F9EBA4FF2B1 /* Pods-rib-test-rib-testUITests.release.xcconfig */ = {isa = PBXFileReference; includeInIndex = 1; lastKnownFileType = text.xcconfig; name = "Pods-rib-test-rib-testUITests.release.xcconfig"; path = "Target Support Files/Pods-rib-test-rib-testUITests/Pods-rib-test-rib-testUITests.release.xcconfig"; sourceTree = "<group>"; };
		7D00F671E3F9632BB21062DE /* Pods-rib-testTests.debug.xcconfig */ = {isa = PBXFileReference; includeInIndex = 1; lastKnownFileType = text.xcconfig; name = "Pods-rib-testTests.debug.xcconfig"; path = "Target Support Files/Pods-rib-testTests/Pods-rib-testTests.debug.xcconfig"; sourceTree = "<group>"; };
		852089AE422D3519374B0D05 /* Pods_rib_test_rib_testUITests.framework */ = {isa = PBXFileReference; explicitFileType = wrapper.framework; includeInIndex = 0; path = Pods_rib_test_rib_testUITests.framework; sourceTree = BUILT_PRODUCTS_DIR; };
		87283D7D47CF2D4BB9693479 /* Pods-rib-test-rib-testUITests.debug.xcconfig */ = {isa = PBXFileReference; includeInIndex = 1; lastKnownFileType = text.xcconfig; name = "Pods-rib-test-rib-testUITests.debug.xcconfig"; path = "Target Support Files/Pods-rib-test-rib-testUITests/Pods-rib-test-rib-testUITests.debug.xcconfig"; sourceTree = "<group>"; };
		B1DD0E98259AFDFE009A7476 /* rib-test.app */ = {isa = PBXFileReference; explicitFileType = wrapper.application; includeInIndex = 0; path = "rib-test.app"; sourceTree = BUILT_PRODUCTS_DIR; };
		B1DD0E9B259AFDFE009A7476 /* AppDelegate.swift */ = {isa = PBXFileReference; lastKnownFileType = sourcecode.swift; path = AppDelegate.swift; sourceTree = "<group>"; };
		B1DD0E9D259AFDFE009A7476 /* SceneDelegate.swift */ = {isa = PBXFileReference; lastKnownFileType = sourcecode.swift; path = SceneDelegate.swift; sourceTree = "<group>"; };
		B1DD0E9F259AFDFE009A7476 /* ViewController.swift */ = {isa = PBXFileReference; lastKnownFileType = sourcecode.swift; path = ViewController.swift; sourceTree = "<group>"; };
		B1DD0EA2259AFDFE009A7476 /* Base */ = {isa = PBXFileReference; lastKnownFileType = file.storyboard; name = Base; path = Base.lproj/Main.storyboard; sourceTree = "<group>"; };
		B1DD0EA4259AFDFE009A7476 /* Assets.xcassets */ = {isa = PBXFileReference; lastKnownFileType = folder.assetcatalog; path = Assets.xcassets; sourceTree = "<group>"; };
		B1DD0EA7259AFDFE009A7476 /* Base */ = {isa = PBXFileReference; lastKnownFileType = file.storyboard; name = Base; path = Base.lproj/LaunchScreen.storyboard; sourceTree = "<group>"; };
		B1DD0EA9259AFDFE009A7476 /* Info.plist */ = {isa = PBXFileReference; lastKnownFileType = text.plist.xml; path = Info.plist; sourceTree = "<group>"; };
		B1DD0EAE259AFDFF009A7476 /* rib-testTests.xctest */ = {isa = PBXFileReference; explicitFileType = wrapper.cfbundle; includeInIndex = 0; path = "rib-testTests.xctest"; sourceTree = BUILT_PRODUCTS_DIR; };
		B1DD0EB2259AFDFF009A7476 /* rib_testTests.swift */ = {isa = PBXFileReference; lastKnownFileType = sourcecode.swift; path = rib_testTests.swift; sourceTree = "<group>"; };
		B1DD0EB4259AFDFF009A7476 /* Info.plist */ = {isa = PBXFileReference; lastKnownFileType = text.plist.xml; path = Info.plist; sourceTree = "<group>"; };
		B1DD0EB9259AFDFF009A7476 /* rib-testUITests.xctest */ = {isa = PBXFileReference; explicitFileType = wrapper.cfbundle; includeInIndex = 0; path = "rib-testUITests.xctest"; sourceTree = BUILT_PRODUCTS_DIR; };
		B1DD0EBD259AFDFF009A7476 /* rib_testUITests.swift */ = {isa = PBXFileReference; lastKnownFileType = sourcecode.swift; path = rib_testUITests.swift; sourceTree = "<group>"; };
		B1DD0EBF259AFDFF009A7476 /* Info.plist */ = {isa = PBXFileReference; lastKnownFileType = text.plist.xml; path = Info.plist; sourceTree = "<group>"; };
		D051C84E46F876C4DA126759 /* Pods-rib-test.release.xcconfig */ = {isa = PBXFileReference; includeInIndex = 1; lastKnownFileType = text.xcconfig; name = "Pods-rib-test.release.xcconfig"; path = "Target Support Files/Pods-rib-test/Pods-rib-test.release.xcconfig"; sourceTree = "<group>"; };
		FDE2F952C5AFBE76D3821FD4 /* Pods-rib-test.debug.xcconfig */ = {isa = PBXFileReference; includeInIndex = 1; lastKnownFileType = text.xcconfig; name = "Pods-rib-test.debug.xcconfig"; path = "Target Support Files/Pods-rib-test/Pods-rib-test.debug.xcconfig"; sourceTree = "<group>"; };
/* End PBXFileReference section */

/* Begin PBXFrameworksBuildPhase section */
		B1DD0E95259AFDFE009A7476 /* Frameworks */ = {
			isa = PBXFrameworksBuildPhase;
			buildActionMask = 2147483647;
			files = (
				E07D34441E9164FC23B7F109 /* Pods_rib_test.framework in Frameworks */,
			);
			runOnlyForDeploymentPostprocessing = 0;
		};
		B1DD0EAB259AFDFF009A7476 /* Frameworks */ = {
			isa = PBXFrameworksBuildPhase;
			buildActionMask = 2147483647;
			files = (
				9E8E41808CD8C8781C9D1CD9 /* Pods_rib_testTests.framework in Frameworks */,
			);
			runOnlyForDeploymentPostprocessing = 0;
		};
		B1DD0EB6259AFDFF009A7476 /* Frameworks */ = {
			isa = PBXFrameworksBuildPhase;
			buildActionMask = 2147483647;
			files = (
				3EF6D0A4D4E1D04DCF69A5DE /* Pods_rib_test_rib_testUITests.framework in Frameworks */,
			);
			runOnlyForDeploymentPostprocessing = 0;
		};
/* End PBXFrameworksBuildPhase section */

/* Begin PBXGroup section */
		742B91F2283BCE5779E6EAA5 /* Pods */ = {
			isa = PBXGroup;
			children = (
				FDE2F952C5AFBE76D3821FD4 /* Pods-rib-test.debug.xcconfig */,
				D051C84E46F876C4DA126759 /* Pods-rib-test.release.xcconfig */,
				87283D7D47CF2D4BB9693479 /* Pods-rib-test-rib-testUITests.debug.xcconfig */,
				6357F1D8E2484F9EBA4FF2B1 /* Pods-rib-test-rib-testUITests.release.xcconfig */,
				7D00F671E3F9632BB21062DE /* Pods-rib-testTests.debug.xcconfig */,
				06DC721B311B03DCC1307E41 /* Pods-rib-testTests.release.xcconfig */,
			);
			name = Pods;
			path = Pods;
			sourceTree = "<group>";
		};
		B1DD0E8F259AFDFE009A7476 = {
			isa = PBXGroup;
			children = (
				B1DD0E9A259AFDFE009A7476 /* rib-test */,
				B1DD0EB1259AFDFF009A7476 /* rib-testTests */,
				B1DD0EBC259AFDFF009A7476 /* rib-testUITests */,
				B1DD0E99259AFDFE009A7476 /* Products */,
				742B91F2283BCE5779E6EAA5 /* Pods */,
				B58F2C6170660155D6AC9C17 /* Frameworks */,
			);
			sourceTree = "<group>";
		};
		B1DD0E99259AFDFE009A7476 /* Products */ = {
			isa = PBXGroup;
			children = (
				B1DD0E98259AFDFE009A7476 /* rib-test.app */,
				B1DD0EAE259AFDFF009A7476 /* rib-testTests.xctest */,
				B1DD0EB9259AFDFF009A7476 /* rib-testUITests.xctest */,
			);
			name = Products;
			sourceTree = "<group>";
		};
		B1DD0E9A259AFDFE009A7476 /* rib-test */ = {
			isa = PBXGroup;
			children = (
				B1DD0E9B259AFDFE009A7476 /* AppDelegate.swift */,
				B1DD0E9D259AFDFE009A7476 /* SceneDelegate.swift */,
				B1DD0E9F259AFDFE009A7476 /* ViewController.swift */,
				B1DD0EA1259AFDFE009A7476 /* Main.storyboard */,
				B1DD0EA4259AFDFE009A7476 /* Assets.xcassets */,
				B1DD0EA6259AFDFE009A7476 /* LaunchScreen.storyboard */,
				B1DD0EA9259AFDFE009A7476 /* Info.plist */,
			);
			path = "rib-test";
			sourceTree = "<group>";
		};
		B1DD0EB1259AFDFF009A7476 /* rib-testTests */ = {
			isa = PBXGroup;
			children = (
				B1DD0EB2259AFDFF009A7476 /* rib_testTests.swift */,
				B1DD0EB4259AFDFF009A7476 /* Info.plist */,
			);
			path = "rib-testTests";
			sourceTree = "<group>";
		};
		B1DD0EBC259AFDFF009A7476 /* rib-testUITests */ = {
			isa = PBXGroup;
			children = (
				B1DD0EBD259AFDFF009A7476 /* rib_testUITests.swift */,
				B1DD0EBF259AFDFF009A7476 /* Info.plist */,
			);
			path = "rib-testUITests";
			sourceTree = "<group>";
		};
		B58F2C6170660155D6AC9C17 /* Frameworks */ = {
			isa = PBXGroup;
			children = (
				3EFBFFDEFD3C1E158CD19B41 /* Pods_rib_test.framework */,
				852089AE422D3519374B0D05 /* Pods_rib_test_rib_testUITests.framework */,
				1401F25C2A679709070646BD /* Pods_rib_testTests.framework */,
			);
			name = Frameworks;
			sourceTree = "<group>";
		};
/* End PBXGroup section */

/* Begin PBXNativeTarget section */
		B1DD0E97259AFDFE009A7476 /* rib-test */ = {
			isa = PBXNativeTarget;
			buildConfigurationList = B1DD0EC2259AFDFF009A7476 /* Build configuration list for PBXNativeTarget "rib-test" */;
			buildPhases = (
				AB409B314BF0CDEE7DAE9D66 /* [CP] Check Pods Manifest.lock */,
				B1DD0E94259AFDFE009A7476 /* Sources */,
				B1DD0E95259AFDFE009A7476 /* Frameworks */,
				B1DD0E96259AFDFE009A7476 /* Resources */,
				607A3D91110DE5DA0BFE59AC /* [CP] Embed Pods Frameworks */,
			);
			buildRules = (
			);
			dependencies = (
			);
			name = "rib-test";
			productName = "rib-test";
			productReference = B1DD0E98259AFDFE009A7476 /* rib-test.app */;
			productType = "com.apple.product-type.application";
		};
		B1DD0EAD259AFDFF009A7476 /* rib-testTests */ = {
			isa = PBXNativeTarget;
			buildConfigurationList = B1DD0EC5259AFDFF009A7476 /* Build configuration list for PBXNativeTarget "rib-testTests" */;
			buildPhases = (
				917B4D65FA613D667A350119 /* [CP] Check Pods Manifest.lock */,
				B1DD0EAA259AFDFF009A7476 /* Sources */,
				B1DD0EAB259AFDFF009A7476 /* Frameworks */,
				B1DD0EAC259AFDFF009A7476 /* Resources */,
			);
			buildRules = (
			);
			dependencies = (
				B1DD0EB0259AFDFF009A7476 /* PBXTargetDependency */,
			);
			name = "rib-testTests";
			productName = "rib-testTests";
			productReference = B1DD0EAE259AFDFF009A7476 /* rib-testTests.xctest */;
			productType = "com.apple.product-type.bundle.unit-test";
		};
		B1DD0EB8259AFDFF009A7476 /* rib-testUITests */ = {
			isa = PBXNativeTarget;
			buildConfigurationList = B1DD0EC8259AFDFF009A7476 /* Build configuration list for PBXNativeTarget "rib-testUITests" */;
			buildPhases = (
				19DB480C3B1BB00667D8620B /* [CP] Check Pods Manifest.lock */,
				B1DD0EB5259AFDFF009A7476 /* Sources */,
				B1DD0EB6259AFDFF009A7476 /* Frameworks */,
				B1DD0EB7259AFDFF009A7476 /* Resources */,
				C81A9F399E3B199FE018BA68 /* [CP] Embed Pods Frameworks */,
			);
			buildRules = (
			);
			dependencies = (
				B1DD0EBB259AFDFF009A7476 /* PBXTargetDependency */,
			);
			name = "rib-testUITests";
			productName = "rib-testUITests";
			productReference = B1DD0EB9259AFDFF009A7476 /* rib-testUITests.xctest */;
			productType = "com.apple.product-type.bundle.ui-testing";
		};
/* End PBXNativeTarget section */

/* Begin PBXProject section */
		B1DD0E90259AFDFE009A7476 /* Project object */ = {
			isa = PBXProject;
			attributes = {
				LastSwiftUpdateCheck = 1230;
				LastUpgradeCheck = 1230;
				TargetAttributes = {
					B1DD0E97259AFDFE009A7476 = {
						CreatedOnToolsVersion = 12.3;
					};
					B1DD0EAD259AFDFF009A7476 = {
						CreatedOnToolsVersion = 12.3;
						TestTargetID = B1DD0E97259AFDFE009A7476;
					};
					B1DD0EB8259AFDFF009A7476 = {
						CreatedOnToolsVersion = 12.3;
						TestTargetID = B1DD0E97259AFDFE009A7476;
					};
				};
			};
			buildConfigurationList = B1DD0E93259AFDFE009A7476 /* Build configuration list for PBXProject "rib-test" */;
			compatibilityVersion = "Xcode 9.3";
			developmentRegion = en;
			hasScannedForEncodings = 0;
			knownRegions = (
				en,
				Base,
			);
			mainGroup = B1DD0E8F259AFDFE009A7476;
			productRefGroup = B1DD0E99259AFDFE009A7476 /* Products */;
			projectDirPath = "";
			projectRoot = "";
			targets = (
				B1DD0E97259AFDFE009A7476 /* rib-test */,
				B1DD0EAD259AFDFF009A7476 /* rib-testTests */,
				B1DD0EB8259AFDFF009A7476 /* rib-testUITests */,
			);
		};
/* End PBXProject section */

/* Begin PBXResourcesBuildPhase section */
		B1DD0E96259AFDFE009A7476 /* Resources */ = {
			isa = PBXResourcesBuildPhase;
			buildActionMask = 2147483647;
			files = (
				B1DD0EA8259AFDFE009A7476 /* LaunchScreen.storyboard in Resources */,
				B1DD0EA5259AFDFE009A7476 /* Assets.xcassets in Resources */,
				B1DD0EA3259AFDFE009A7476 /* Main.storyboard in Resources */,
			);
			runOnlyForDeploymentPostprocessing = 0;
		};
		B1DD0EAC259AFDFF009A7476 /* Resources */ = {
			isa = PBXResourcesBuildPhase;
			buildActionMask = 2147483647;
			files = (
			);
			runOnlyForDeploymentPostprocessing = 0;
		};
		B1DD0EB7259AFDFF009A7476 /* Resources */ = {
			isa = PBXResourcesBuildPhase;
			buildActionMask = 2147483647;
			files = (
			);
			runOnlyForDeploymentPostprocessing = 0;
		};
/* End PBXResourcesBuildPhase section */

/* Begin PBXShellScriptBuildPhase section */
		19DB480C3B1BB00667D8620B /* [CP] Check Pods Manifest.lock */ = {
			isa = PBXShellScriptBuildPhase;
			buildActionMask = 2147483647;
			files = (
			);
			inputFileListPaths = (
			);
			inputPaths = (
				"${PODS_PODFILE_DIR_PATH}/Podfile.lock",
				"${PODS_ROOT}/Manifest.lock",
			);
			name = "[CP] Check Pods Manifest.lock";
			outputFileListPaths = (
			);
			outputPaths = (
				"$(DERIVED_FILE_DIR)/Pods-rib-test-rib-testUITests-checkManifestLockResult.txt",
			);
			runOnlyForDeploymentPostprocessing = 0;
			shellPath = /bin/sh;
			shellScript = "diff \"${PODS_PODFILE_DIR_PATH}/Podfile.lock\" \"${PODS_ROOT}/Manifest.lock\" > /dev/null\nif [ $? != 0 ] ; then\n    # print error to STDERR\n    echo \"error: The sandbox is not in sync with the Podfile.lock. Run 'pod install' or update your CocoaPods installation.\" >&2\n    exit 1\nfi\n# This output is used by Xcode 'outputs' to avoid re-running this script phase.\necho \"SUCCESS\" > \"${SCRIPT_OUTPUT_FILE_0}\"\n";
			showEnvVarsInLog = 0;
		};
		607A3D91110DE5DA0BFE59AC /* [CP] Embed Pods Frameworks */ = {
			isa = PBXShellScriptBuildPhase;
			buildActionMask = 2147483647;
			files = (
			);
			inputFileListPaths = (
				"${PODS_ROOT}/Target Support Files/Pods-rib-test/Pods-rib-test-frameworks-${CONFIGURATION}-input-files.xcfilelist",
			);
			name = "[CP] Embed Pods Frameworks";
			outputFileListPaths = (
				"${PODS_ROOT}/Target Support Files/Pods-rib-test/Pods-rib-test-frameworks-${CONFIGURATION}-output-files.xcfilelist",
			);
			runOnlyForDeploymentPostprocessing = 0;
			shellPath = /bin/sh;
			shellScript = "\"${PODS_ROOT}/Target Support Files/Pods-rib-test/Pods-rib-test-frameworks.sh\"\n";
			showEnvVarsInLog = 0;
		};
		917B4D65FA613D667A350119 /* [CP] Check Pods Manifest.lock */ = {
			isa = PBXShellScriptBuildPhase;
			buildActionMask = 2147483647;
			files = (
			);
			inputFileListPaths = (
			);
			inputPaths = (
				"${PODS_PODFILE_DIR_PATH}/Podfile.lock",
				"${PODS_ROOT}/Manifest.lock",
			);
			name = "[CP] Check Pods Manifest.lock";
			outputFileListPaths = (
			);
			outputPaths = (
				"$(DERIVED_FILE_DIR)/Pods-rib-testTests-checkManifestLockResult.txt",
			);
			runOnlyForDeploymentPostprocessing = 0;
			shellPath = /bin/sh;
			shellScript = "diff \"${PODS_PODFILE_DIR_PATH}/Podfile.lock\" \"${PODS_ROOT}/Manifest.lock\" > /dev/null\nif [ $? != 0 ] ; then\n    # print error to STDERR\n    echo \"error: The sandbox is not in sync with the Podfile.lock. Run 'pod install' or update your CocoaPods installation.\" >&2\n    exit 1\nfi\n# This output is used by Xcode 'outputs' to avoid re-running this script phase.\necho \"SUCCESS\" > \"${SCRIPT_OUTPUT_FILE_0}\"\n";
			showEnvVarsInLog = 0;
		};
		AB409B314BF0CDEE7DAE9D66 /* [CP] Check Pods Manifest.lock */ = {
			isa = PBXShellScriptBuildPhase;
			buildActionMask = 2147483647;
			files = (
			);
			inputFileListPaths = (
			);
			inputPaths = (
				"${PODS_PODFILE_DIR_PATH}/Podfile.lock",
				"${PODS_ROOT}/Manifest.lock",
			);
			name = "[CP] Check Pods Manifest.lock";
			outputFileListPaths = (
			);
			outputPaths = (
				"$(DERIVED_FILE_DIR)/Pods-rib-test-checkManifestLockResult.txt",
			);
			runOnlyForDeploymentPostprocessing = 0;
			shellPath = /bin/sh;
			shellScript = "diff \"${PODS_PODFILE_DIR_PATH}/Podfile.lock\" \"${PODS_ROOT}/Manifest.lock\" > /dev/null\nif [ $? != 0 ] ; then\n    # print error to STDERR\n    echo \"error: The sandbox is not in sync with the Podfile.lock. Run 'pod install' or update your CocoaPods installation.\" >&2\n    exit 1\nfi\n# This output is used by Xcode 'outputs' to avoid re-running this script phase.\necho \"SUCCESS\" > \"${SCRIPT_OUTPUT_FILE_0}\"\n";
			showEnvVarsInLog = 0;
		};
		C81A9F399E3B199FE018BA68 /* [CP] Embed Pods Frameworks */ = {
			isa = PBXShellScriptBuildPhase;
			buildActionMask = 2147483647;
			files = (
			);
			inputFileListPaths = (
				"${PODS_ROOT}/Target Support Files/Pods-rib-test-rib-testUITests/Pods-rib-test-rib-testUITests-frameworks-${CONFIGURATION}-input-files.xcfilelist",
			);
			name = "[CP] Embed Pods Frameworks";
			outputFileListPaths = (
				"${PODS_ROOT}/Target Support Files/Pods-rib-test-rib-testUITests/Pods-rib-test-rib-testUITests-frameworks-${CONFIGURATION}-output-files.xcfilelist",
			);
			runOnlyForDeploymentPostprocessing = 0;
			shellPath = /bin/sh;
			shellScript = "\"${PODS_ROOT}/Target Support Files/Pods-rib-test-rib-testUITests/Pods-rib-test-rib-testUITests-frameworks.sh\"\n";
			showEnvVarsInLog = 0;
		};
/* End PBXShellScriptBuildPhase section */

/* Begin PBXSourcesBuildPhase section */
		B1DD0E94259AFDFE009A7476 /* Sources */ = {
			isa = PBXSourcesBuildPhase;
			buildActionMask = 2147483647;
			files = (
				B1DD0EA0259AFDFE009A7476 /* ViewController.swift in Sources */,
				B1DD0E9C259AFDFE009A7476 /* AppDelegate.swift in Sources */,
				B1DD0E9E259AFDFE009A7476 /* SceneDelegate.swift in Sources */,
			);
			runOnlyForDeploymentPostprocessing = 0;
		};
		B1DD0EAA259AFDFF009A7476 /* Sources */ = {
			isa = PBXSourcesBuildPhase;
			buildActionMask = 2147483647;
			files = (
				B1DD0EB3259AFDFF009A7476 /* rib_testTests.swift in Sources */,
			);
			runOnlyForDeploymentPostprocessing = 0;
		};
		B1DD0EB5259AFDFF009A7476 /* Sources */ = {
			isa = PBXSourcesBuildPhase;
			buildActionMask = 2147483647;
			files = (
				B1DD0EBE259AFDFF009A7476 /* rib_testUITests.swift in Sources */,
			);
			runOnlyForDeploymentPostprocessing = 0;
		};
/* End PBXSourcesBuildPhase section */

/* Begin PBXTargetDependency section */
		B1DD0EB0259AFDFF009A7476 /* PBXTargetDependency */ = {
			isa = PBXTargetDependency;
			target = B1DD0E97259AFDFE009A7476 /* rib-test */;
			targetProxy = B1DD0EAF259AFDFF009A7476 /* PBXContainerItemProxy */;
		};
		B1DD0EBB259AFDFF009A7476 /* PBXTargetDependency */ = {
			isa = PBXTargetDependency;
			target = B1DD0E97259AFDFE009A7476 /* rib-test */;
			targetProxy = B1DD0EBA259AFDFF009A7476 /* PBXContainerItemProxy */;
		};
/* End PBXTargetDependency section */

/* Begin PBXVariantGroup section */
		B1DD0EA1259AFDFE009A7476 /* Main.storyboard */ = {
			isa = PBXVariantGroup;
			children = (
				B1DD0EA2259AFDFE009A7476 /* Base */,
			);
			name = Main.storyboard;
			sourceTree = "<group>";
		};
		B1DD0EA6259AFDFE009A7476 /* LaunchScreen.storyboard */ = {
			isa = PBXVariantGroup;
			children = (
				B1DD0EA7259AFDFE009A7476 /* Base */,
			);
			name = LaunchScreen.storyboard;
			sourceTree = "<group>";
		};
/* End PBXVariantGroup section */

/* Begin XCBuildConfiguration section */
		B1DD0EC0259AFDFF009A7476 /* Debug */ = {
			isa = XCBuildConfiguration;
			buildSettings = {
				ALWAYS_SEARCH_USER_PATHS = NO;
				CLANG_ANALYZER_NONNULL = YES;
				CLANG_ANALYZER_NUMBER_OBJECT_CONVERSION = YES_AGGRESSIVE;
				CLANG_CXX_LANGUAGE_STANDARD = "gnu++14";
				CLANG_CXX_LIBRARY = "libc++";
				CLANG_ENABLE_MODULES = YES;
				CLANG_ENABLE_OBJC_ARC = YES;
				CLANG_ENABLE_OBJC_WEAK = YES;
				CLANG_WARN_BLOCK_CAPTURE_AUTORELEASING = YES;
				CLANG_WARN_BOOL_CONVERSION = YES;
				CLANG_WARN_COMMA = YES;
				CLANG_WARN_CONSTANT_CONVERSION = YES;
				CLANG_WARN_DEPRECATED_OBJC_IMPLEMENTATIONS = YES;
				CLANG_WARN_DIRECT_OBJC_ISA_USAGE = YES_ERROR;
				CLANG_WARN_DOCUMENTATION_COMMENTS = YES;
				CLANG_WARN_EMPTY_BODY = YES;
				CLANG_WARN_ENUM_CONVERSION = YES;
				CLANG_WARN_INFINITE_RECURSION = YES;
				CLANG_WARN_INT_CONVERSION = YES;
				CLANG_WARN_NON_LITERAL_NULL_CONVERSION = YES;
				CLANG_WARN_OBJC_IMPLICIT_RETAIN_SELF = YES;
				CLANG_WARN_OBJC_LITERAL_CONVERSION = YES;
				CLANG_WARN_OBJC_ROOT_CLASS = YES_ERROR;
				CLANG_WARN_QUOTED_INCLUDE_IN_FRAMEWORK_HEADER = YES;
				CLANG_WARN_RANGE_LOOP_ANALYSIS = YES;
				CLANG_WARN_STRICT_PROTOTYPES = YES;
				CLANG_WARN_SUSPICIOUS_MOVE = YES;
				CLANG_WARN_UNGUARDED_AVAILABILITY = YES_AGGRESSIVE;
				CLANG_WARN_UNREACHABLE_CODE = YES;
				CLANG_WARN__DUPLICATE_METHOD_MATCH = YES;
				COPY_PHASE_STRIP = NO;
				DEBUG_INFORMATION_FORMAT = dwarf;
				ENABLE_STRICT_OBJC_MSGSEND = YES;
				ENABLE_TESTABILITY = YES;
				GCC_C_LANGUAGE_STANDARD = gnu11;
				GCC_DYNAMIC_NO_PIC = NO;
				GCC_NO_COMMON_BLOCKS = YES;
				GCC_OPTIMIZATION_LEVEL = 0;
				GCC_PREPROCESSOR_DEFINITIONS = (
					"DEBUG=1",
					"$(inherited)",
				);
				GCC_WARN_64_TO_32_BIT_CONVERSION = YES;
				GCC_WARN_ABOUT_RETURN_TYPE = YES_ERROR;
				GCC_WARN_UNDECLARED_SELECTOR = YES;
				GCC_WARN_UNINITIALIZED_AUTOS = YES_AGGRESSIVE;
				GCC_WARN_UNUSED_FUNCTION = YES;
				GCC_WARN_UNUSED_VARIABLE = YES;
				IPHONEOS_DEPLOYMENT_TARGET = 14.3;
				MTL_ENABLE_DEBUG_INFO = INCLUDE_SOURCE;
				MTL_FAST_MATH = YES;
				ONLY_ACTIVE_ARCH = YES;
				SDKROOT = iphoneos;
				SWIFT_ACTIVE_COMPILATION_CONDITIONS = DEBUG;
				SWIFT_OPTIMIZATION_LEVEL = "-Onone";
			};
			name = Debug;
		};
		B1DD0EC1259AFDFF009A7476 /* Release */ = {
			isa = XCBuildConfiguration;
			buildSettings = {
				ALWAYS_SEARCH_USER_PATHS = NO;
				CLANG_ANALYZER_NONNULL = YES;
				CLANG_ANALYZER_NUMBER_OBJECT_CONVERSION = YES_AGGRESSIVE;
				CLANG_CXX_LANGUAGE_STANDARD = "gnu++14";
				CLANG_CXX_LIBRARY = "libc++";
				CLANG_ENABLE_MODULES = YES;
				CLANG_ENABLE_OBJC_ARC = YES;
				CLANG_ENABLE_OBJC_WEAK = YES;
				CLANG_WARN_BLOCK_CAPTURE_AUTORELEASING = YES;
				CLANG_WARN_BOOL_CONVERSION = YES;
				CLANG_WARN_COMMA = YES;
				CLANG_WARN_CONSTANT_CONVERSION = YES;
				CLANG_WARN_DEPRECATED_OBJC_IMPLEMENTATIONS = YES;
				CLANG_WARN_DIRECT_OBJC_ISA_USAGE = YES_ERROR;
				CLANG_WARN_DOCUMENTATION_COMMENTS = YES;
				CLANG_WARN_EMPTY_BODY = YES;
				CLANG_WARN_ENUM_CONVERSION = YES;
				CLANG_WARN_INFINITE_RECURSION = YES;
				CLANG_WARN_INT_CONVERSION = YES;
				CLANG_WARN_NON_LITERAL_NULL_CONVERSION = YES;
				CLANG_WARN_OBJC_IMPLICIT_RETAIN_SELF = YES;
				CLANG_WARN_OBJC_LITERAL_CONVERSION = YES;
				CLANG_WARN_OBJC_ROOT_CLASS = YES_ERROR;
				CLANG_WARN_QUOTED_INCLUDE_IN_FRAMEWORK_HEADER = YES;
				CLANG_WARN_RANGE_LOOP_ANALYSIS = YES;
				CLANG_WARN_STRICT_PROTOTYPES = YES;
				CLANG_WARN_SUSPICIOUS_MOVE = YES;
				CLANG_WARN_UNGUARDED_AVAILABILITY = YES_AGGRESSIVE;
				CLANG_WARN_UNREACHABLE_CODE = YES;
				CLANG_WARN__DUPLICATE_METHOD_MATCH = YES;
				COPY_PHASE_STRIP = NO;
				DEBUG_INFORMATION_FORMAT = "dwarf-with-dsym";
				ENABLE_NS_ASSERTIONS = NO;
				ENABLE_STRICT_OBJC_MSGSEND = YES;
				GCC_C_LANGUAGE_STANDARD = gnu11;
				GCC_NO_COMMON_BLOCKS = YES;
				GCC_WARN_64_TO_32_BIT_CONVERSION = YES;
				GCC_WARN_ABOUT_RETURN_TYPE = YES_ERROR;
				GCC_WARN_UNDECLARED_SELECTOR = YES;
				GCC_WARN_UNINITIALIZED_AUTOS = YES_AGGRESSIVE;
				GCC_WARN_UNUSED_FUNCTION = YES;
				GCC_WARN_UNUSED_VARIABLE = YES;
				IPHONEOS_DEPLOYMENT_TARGET = 14.3;
				MTL_ENABLE_DEBUG_INFO = NO;
				MTL_FAST_MATH = YES;
				SDKROOT = iphoneos;
				SWIFT_COMPILATION_MODE = wholemodule;
				SWIFT_OPTIMIZATION_LEVEL = "-O";
				VALIDATE_PRODUCT = YES;
			};
			name = Release;
		};
		B1DD0EC3259AFDFF009A7476 /* Debug */ = {
			isa = XCBuildConfiguration;
			baseConfigurationReference = FDE2F952C5AFBE76D3821FD4 /* Pods-rib-test.debug.xcconfig */;
			buildSettings = {
				ASSETCATALOG_COMPILER_APPICON_NAME = AppIcon;
				ASSETCATALOG_COMPILER_GLOBAL_ACCENT_COLOR_NAME = AccentColor;
				CODE_SIGN_STYLE = Automatic;
				INFOPLIST_FILE = "rib-test/Info.plist";
				LD_RUNPATH_SEARCH_PATHS = (
					"$(inherited)",
					"@executable_path/Frameworks",
				);
				PRODUCT_BUNDLE_IDENTIFIER = "net.maarteti.rib-test";
				PRODUCT_NAME = "$(TARGET_NAME)";
				SWIFT_VERSION = 5.0;
				TARGETED_DEVICE_FAMILY = "1,2";
			};
			name = Debug;
		};
		B1DD0EC4259AFDFF009A7476 /* Release */ = {
			isa = XCBuildConfiguration;
			baseConfigurationReference = D051C84E46F876C4DA126759 /* Pods-rib-test.release.xcconfig */;
			buildSettings = {
				ASSETCATALOG_COMPILER_APPICON_NAME = AppIcon;
				ASSETCATALOG_COMPILER_GLOBAL_ACCENT_COLOR_NAME = AccentColor;
				CODE_SIGN_STYLE = Automatic;
				INFOPLIST_FILE = "rib-test/Info.plist";
				LD_RUNPATH_SEARCH_PATHS = (
					"$(inherited)",
					"@executable_path/Frameworks",
				);
				PRODUCT_BUNDLE_IDENTIFIER = "net.maarteti.rib-test";
				PRODUCT_NAME = "$(TARGET_NAME)";
				SWIFT_VERSION = 5.0;
				TARGETED_DEVICE_FAMILY = "1,2";
			};
			name = Release;
		};
		B1DD0EC6259AFDFF009A7476 /* Debug */ = {
			isa = XCBuildConfiguration;
			baseConfigurationReference = 7D00F671E3F9632BB21062DE /* Pods-rib-testTests.debug.xcconfig */;
			buildSettings = {
				ALWAYS_EMBED_SWIFT_STANDARD_LIBRARIES = YES;
				BUNDLE_LOADER = "$(TEST_HOST)";
				CODE_SIGN_STYLE = Automatic;
				INFOPLIST_FILE = "rib-testTests/Info.plist";
				IPHONEOS_DEPLOYMENT_TARGET = 14.3;
				LD_RUNPATH_SEARCH_PATHS = (
					"$(inherited)",
					"@executable_path/Frameworks",
					"@loader_path/Frameworks",
				);
				PRODUCT_BUNDLE_IDENTIFIER = "net.maarteti.rib-testTests";
				PRODUCT_NAME = "$(TARGET_NAME)";
				SWIFT_VERSION = 5.0;
				TARGETED_DEVICE_FAMILY = "1,2";
				TEST_HOST = "$(BUILT_PRODUCTS_DIR)/rib-test.app/rib-test";
			};
			name = Debug;
		};
		B1DD0EC7259AFDFF009A7476 /* Release */ = {
			isa = XCBuildConfiguration;
			baseConfigurationReference = 06DC721B311B03DCC1307E41 /* Pods-rib-testTests.release.xcconfig */;
			buildSettings = {
				ALWAYS_EMBED_SWIFT_STANDARD_LIBRARIES = YES;
				BUNDLE_LOADER = "$(TEST_HOST)";
				CODE_SIGN_STYLE = Automatic;
				INFOPLIST_FILE = "rib-testTests/Info.plist";
				IPHONEOS_DEPLOYMENT_TARGET = 14.3;
				LD_RUNPATH_SEARCH_PATHS = (
					"$(inherited)",
					"@executable_path/Frameworks",
					"@loader_path/Frameworks",
				);
				PRODUCT_BUNDLE_IDENTIFIER = "net.maarteti.rib-testTests";
				PRODUCT_NAME = "$(TARGET_NAME)";
				SWIFT_VERSION = 5.0;
				TARGETED_DEVICE_FAMILY = "1,2";
				TEST_HOST = "$(BUILT_PRODUCTS_DIR)/rib-test.app/rib-test";
			};
			name = Release;
		};
		B1DD0EC9259AFDFF009A7476 /* Debug */ = {
			isa = XCBuildConfiguration;
			baseConfigurationReference = 87283D7D47CF2D4BB9693479 /* Pods-rib-test-rib-testUITests.debug.xcconfig */;
			buildSettings = {
				ALWAYS_EMBED_SWIFT_STANDARD_LIBRARIES = YES;
				CODE_SIGN_STYLE = Automatic;
				INFOPLIST_FILE = "rib-testUITests/Info.plist";
				LD_RUNPATH_SEARCH_PATHS = (
					"$(inherited)",
					"@executable_path/Frameworks",
					"@loader_path/Frameworks",
				);
				PRODUCT_BUNDLE_IDENTIFIER = "net.maarteti.rib-testUITests";
				PRODUCT_NAME = "$(TARGET_NAME)";
				SWIFT_VERSION = 5.0;
				TARGETED_DEVICE_FAMILY = "1,2";
				TEST_TARGET_NAME = "rib-test";
			};
			name = Debug;
		};
		B1DD0ECA259AFDFF009A7476 /* Release */ = {
			isa = XCBuildConfiguration;
			baseConfigurationReference = 6357F1D8E2484F9EBA4FF2B1 /* Pods-rib-test-rib-testUITests.release.xcconfig */;
			buildSettings = {
				ALWAYS_EMBED_SWIFT_STANDARD_LIBRARIES = YES;
				CODE_SIGN_STYLE = Automatic;
				INFOPLIST_FILE = "rib-testUITests/Info.plist";
				LD_RUNPATH_SEARCH_PATHS = (
					"$(inherited)",
					"@executable_path/Frameworks",
					"@loader_path/Frameworks",
				);
				PRODUCT_BUNDLE_IDENTIFIER = "net.maarteti.rib-testUITests";
				PRODUCT_NAME = "$(TARGET_NAME)";
				SWIFT_VERSION = 5.0;
				TARGETED_DEVICE_FAMILY = "1,2";
				TEST_TARGET_NAME = "rib-test";
			};
			name = Release;
		};
/* End XCBuildConfiguration section */

/* Begin XCConfigurationList section */
		B1DD0E93259AFDFE009A7476 /* Build configuration list for PBXProject "rib-test" */ = {
			isa = XCConfigurationList;
			buildConfigurations = (
				B1DD0EC0259AFDFF009A7476 /* Debug */,
				B1DD0EC1259AFDFF009A7476 /* Release */,
			);
			defaultConfigurationIsVisible = 0;
			defaultConfigurationName = Release;
		};
		B1DD0EC2259AFDFF009A7476 /* Build configuration list for PBXNativeTarget "rib-test" */ = {
			isa = XCConfigurationList;
			buildConfigurations = (
				B1DD0EC3259AFDFF009A7476 /* Debug */,
				B1DD0EC4259AFDFF009A7476 /* Release */,
			);
			defaultConfigurationIsVisible = 0;
			defaultConfigurationName = Release;
		};
		B1DD0EC5259AFDFF009A7476 /* Build configuration list for PBXNativeTarget "rib-testTests" */ = {
			isa = XCConfigurationList;
			buildConfigurations = (
				B1DD0EC6259AFDFF009A7476 /* Debug */,
				B1DD0EC7259AFDFF009A7476 /* Release */,
			);
			defaultConfigurationIsVisible = 0;
			defaultConfigurationName = Release;
		};
		B1DD0EC8259AFDFF009A7476 /* Build configuration list for PBXNativeTarget "rib-testUITests" */ = {
			isa = XCConfigurationList;
			buildConfigurations = (
				B1DD0EC9259AFDFF009A7476 /* Debug */,
				B1DD0ECA259AFDFF009A7476 /* Release */,
			);
			defaultConfigurationIsVisible = 0;
			defaultConfigurationName = Release;
		};
/* End XCConfigurationList section */
	};
	rootObject = B1DD0E90259AFDFE009A7476 /* Project object */;
}
